// !$*UTF8*$!
{
	archiveVersion = 1;
	classes = {
	};
	objectVersion = 46;
	objects = {

/* Begin PBXBuildFile section */
		8A1A75F41D5D6A1600851CE5 /* AppDelegate.swift in Sources */ = {isa = PBXBuildFile; fileRef = 8A1A75F31D5D6A1600851CE5 /* AppDelegate.swift */; };
		8A1A75F61D5D6A1600851CE5 /* LoginViewController.swift in Sources */ = {isa = PBXBuildFile; fileRef = 8A1A75F51D5D6A1600851CE5 /* LoginViewController.swift */; };
		8A1A75F91D5D6A1600851CE5 /* Main.storyboard in Resources */ = {isa = PBXBuildFile; fileRef = 8A1A75F71D5D6A1600851CE5 /* Main.storyboard */; };
		8A1A75FC1D5D6A1600851CE5 /* FoodWaste.xcdatamodeld in Sources */ = {isa = PBXBuildFile; fileRef = 8A1A75FA1D5D6A1600851CE5 /* FoodWaste.xcdatamodeld */; };
		8A1A75FE1D5D6A1600851CE5 /* Assets.xcassets in Resources */ = {isa = PBXBuildFile; fileRef = 8A1A75FD1D5D6A1600851CE5 /* Assets.xcassets */; };
		8A1A76011D5D6A1600851CE5 /* LaunchScreen.storyboard in Resources */ = {isa = PBXBuildFile; fileRef = 8A1A75FF1D5D6A1600851CE5 /* LaunchScreen.storyboard */; };
		8A1A76091D5D71E500851CE5 /* RegisterViewController.swift in Sources */ = {isa = PBXBuildFile; fileRef = 8A1A76081D5D71E500851CE5 /* RegisterViewController.swift */; };
		8A1A76101D5D7A8E00851CE5 /* User.swift in Sources */ = {isa = PBXBuildFile; fileRef = 8A1A760F1D5D7A8E00851CE5 /* User.swift */; };
		8AD8F3501D5FFE3A00104D0D /* GoogleService-Info.plist in Resources */ = {isa = PBXBuildFile; fileRef = 8AD8F34F1D5FFE3A00104D0D /* GoogleService-Info.plist */; };
		8AF6036C1D64D2A1001833C5 /* Database.swift in Sources */ = {isa = PBXBuildFile; fileRef = 8AF6036B1D64D2A1001833C5 /* Database.swift */; };
		9C8912301D61194600F9767F /* Place.swift in Sources */ = {isa = PBXBuildFile; fileRef = 9C89122F1D61194600F9767F /* Place.swift */; };
		9CB0BB6F1D5E069800AAB7E4 /* QRCodeViewController.swift in Sources */ = {isa = PBXBuildFile; fileRef = 9CB0BB6E1D5E069800AAB7E4 /* QRCodeViewController.swift */; };
		AFDC3C3A95177CD498E2FCA3 /* Pods_FoodWaste.framework in Frameworks */ = {isa = PBXBuildFile; fileRef = 20063A1B969A858357A1D0FA /* Pods_FoodWaste.framework */; };
		EF4B30BE1D5FB8B500565133 /* MenuViewController.swift in Sources */ = {isa = PBXBuildFile; fileRef = EF4B30BD1D5FB8B500565133 /* MenuViewController.swift */; };
		EF4B30C01D5FB8C600565133 /* PontosDeColetaViewController.swift in Sources */ = {isa = PBXBuildFile; fileRef = EF4B30BF1D5FB8C600565133 /* PontosDeColetaViewController.swift */; };
/* End PBXBuildFile section */

/* Begin PBXFileReference section */
		20063A1B969A858357A1D0FA /* Pods_FoodWaste.framework */ = {isa = PBXFileReference; explicitFileType = wrapper.framework; includeInIndex = 0; path = Pods_FoodWaste.framework; sourceTree = BUILT_PRODUCTS_DIR; };
		8A1A75F01D5D6A1600851CE5 /* FoodWaste.app */ = {isa = PBXFileReference; explicitFileType = wrapper.application; includeInIndex = 0; path = FoodWaste.app; sourceTree = BUILT_PRODUCTS_DIR; };
		8A1A75F31D5D6A1600851CE5 /* AppDelegate.swift */ = {isa = PBXFileReference; lastKnownFileType = sourcecode.swift; path = AppDelegate.swift; sourceTree = "<group>"; };
		8A1A75F51D5D6A1600851CE5 /* LoginViewController.swift */ = {isa = PBXFileReference; lastKnownFileType = sourcecode.swift; path = LoginViewController.swift; sourceTree = "<group>"; };
		8A1A75F81D5D6A1600851CE5 /* Base */ = {isa = PBXFileReference; lastKnownFileType = file.storyboard; name = Base; path = Base.lproj/Main.storyboard; sourceTree = "<group>"; };
		8A1A75FB1D5D6A1600851CE5 /* FoodWaste.xcdatamodel */ = {isa = PBXFileReference; lastKnownFileType = wrapper.xcdatamodel; path = FoodWaste.xcdatamodel; sourceTree = "<group>"; };
		8A1A75FD1D5D6A1600851CE5 /* Assets.xcassets */ = {isa = PBXFileReference; lastKnownFileType = folder.assetcatalog; path = Assets.xcassets; sourceTree = "<group>"; };
		8A1A76001D5D6A1600851CE5 /* Base */ = {isa = PBXFileReference; lastKnownFileType = file.storyboard; name = Base; path = Base.lproj/LaunchScreen.storyboard; sourceTree = "<group>"; };
		8A1A76021D5D6A1600851CE5 /* Info.plist */ = {isa = PBXFileReference; lastKnownFileType = text.plist.xml; path = Info.plist; sourceTree = "<group>"; };
		8A1A76081D5D71E500851CE5 /* RegisterViewController.swift */ = {isa = PBXFileReference; fileEncoding = 4; lastKnownFileType = sourcecode.swift; path = RegisterViewController.swift; sourceTree = "<group>"; };
		8A1A760F1D5D7A8E00851CE5 /* User.swift */ = {isa = PBXFileReference; fileEncoding = 4; lastKnownFileType = sourcecode.swift; path = User.swift; sourceTree = "<group>"; };
		8AD8F34F1D5FFE3A00104D0D /* GoogleService-Info.plist */ = {isa = PBXFileReference; fileEncoding = 4; lastKnownFileType = text.plist.xml; path = "GoogleService-Info.plist"; sourceTree = "<group>"; };
		8AF6036B1D64D2A1001833C5 /* Database.swift */ = {isa = PBXFileReference; fileEncoding = 4; lastKnownFileType = sourcecode.swift; path = Database.swift; sourceTree = "<group>"; };
		9C89122F1D61194600F9767F /* Place.swift */ = {isa = PBXFileReference; fileEncoding = 4; lastKnownFileType = sourcecode.swift; path = Place.swift; sourceTree = "<group>"; };
		9CB0BB6E1D5E069800AAB7E4 /* QRCodeViewController.swift */ = {isa = PBXFileReference; fileEncoding = 4; lastKnownFileType = sourcecode.swift; path = QRCodeViewController.swift; sourceTree = "<group>"; };
		B644E971F3C0CCC31A17463C /* Pods-FoodWaste.release.xcconfig */ = {isa = PBXFileReference; includeInIndex = 1; lastKnownFileType = text.xcconfig; name = "Pods-FoodWaste.release.xcconfig"; path = "Pods/Target Support Files/Pods-FoodWaste/Pods-FoodWaste.release.xcconfig"; sourceTree = "<group>"; };
		BDCCEB31526FD71FD01489D2 /* Pods-FoodWaste.debug.xcconfig */ = {isa = PBXFileReference; includeInIndex = 1; lastKnownFileType = text.xcconfig; name = "Pods-FoodWaste.debug.xcconfig"; path = "Pods/Target Support Files/Pods-FoodWaste/Pods-FoodWaste.debug.xcconfig"; sourceTree = "<group>"; };
		EF4B30BD1D5FB8B500565133 /* MenuViewController.swift */ = {isa = PBXFileReference; fileEncoding = 4; lastKnownFileType = sourcecode.swift; path = MenuViewController.swift; sourceTree = "<group>"; };
		EF4B30BF1D5FB8C600565133 /* PontosDeColetaViewController.swift */ = {isa = PBXFileReference; fileEncoding = 4; lastKnownFileType = sourcecode.swift; path = PontosDeColetaViewController.swift; sourceTree = "<group>"; };
/* End PBXFileReference section */

/* Begin PBXFrameworksBuildPhase section */
		8A1A75ED1D5D6A1600851CE5 /* Frameworks */ = {
			isa = PBXFrameworksBuildPhase;
			buildActionMask = 2147483647;
			files = (
				AFDC3C3A95177CD498E2FCA3 /* Pods_FoodWaste.framework in Frameworks */,
			);
			runOnlyForDeploymentPostprocessing = 0;
		};
/* End PBXFrameworksBuildPhase section */

/* Begin PBXGroup section */
		3CA90D9F93AB07DF5350C9DD /* Frameworks */ = {
			isa = PBXGroup;
			children = (
				20063A1B969A858357A1D0FA /* Pods_FoodWaste.framework */,
			);
			name = Frameworks;
			sourceTree = "<group>";
		};
		7AC1AF329E63358986D7E81C /* Pods */ = {
			isa = PBXGroup;
			children = (
				BDCCEB31526FD71FD01489D2 /* Pods-FoodWaste.debug.xcconfig */,
				B644E971F3C0CCC31A17463C /* Pods-FoodWaste.release.xcconfig */,
			);
			name = Pods;
			sourceTree = "<group>";
		};
		8A1A75E71D5D6A1600851CE5 = {
			isa = PBXGroup;
			children = (
				8A1A75F21D5D6A1600851CE5 /* FoodWaste */,
				8A1A75F11D5D6A1600851CE5 /* Products */,
				7AC1AF329E63358986D7E81C /* Pods */,
				3CA90D9F93AB07DF5350C9DD /* Frameworks */,
			);
			sourceTree = "<group>";
		};
		8A1A75F11D5D6A1600851CE5 /* Products */ = {
			isa = PBXGroup;
			children = (
				8A1A75F01D5D6A1600851CE5 /* FoodWaste.app */,
			);
			name = Products;
			sourceTree = "<group>";
		};
		8A1A75F21D5D6A1600851CE5 /* FoodWaste */ = {
			isa = PBXGroup;
			children = (
				8A1A760D1D5D729900851CE5 /* Storyboards */,
				8A1A760A1D5D725D00851CE5 /* Controllers */,
				8A1A760E1D5D7A7900851CE5 /* Model */,
				8A1A760C1D5D728600851CE5 /* Others */,
				8A1A760B1D5D726E00851CE5 /* DAO */,
			);
			path = FoodWaste;
			sourceTree = "<group>";
		};
		8A1A760A1D5D725D00851CE5 /* Controllers */ = {
			isa = PBXGroup;
			children = (
				8A1A76081D5D71E500851CE5 /* RegisterViewController.swift */,
				EF4B30BD1D5FB8B500565133 /* MenuViewController.swift */,
				EF4B30BF1D5FB8C600565133 /* PontosDeColetaViewController.swift */,
				8A1A75F51D5D6A1600851CE5 /* LoginViewController.swift */,
				9CB0BB6E1D5E069800AAB7E4 /* QRCodeViewController.swift */,
			);
			name = Controllers;
			sourceTree = "<group>";
		};
		8A1A760B1D5D726E00851CE5 /* DAO */ = {
			isa = PBXGroup;
			children = (
				8A1A75FA1D5D6A1600851CE5 /* FoodWaste.xcdatamodeld */,
				8AF6036B1D64D2A1001833C5 /* Database.swift */,
			);
			name = DAO;
			sourceTree = "<group>";
		};
		8A1A760C1D5D728600851CE5 /* Others */ = {
			isa = PBXGroup;
			children = (
				8A1A75F31D5D6A1600851CE5 /* AppDelegate.swift */,
				8A1A75FD1D5D6A1600851CE5 /* Assets.xcassets */,
				8A1A76021D5D6A1600851CE5 /* Info.plist */,
				8AD8F34F1D5FFE3A00104D0D /* GoogleService-Info.plist */,
			);
			name = Others;
			sourceTree = "<group>";
		};
		8A1A760D1D5D729900851CE5 /* Storyboards */ = {
			isa = PBXGroup;
			children = (
				8A1A75F71D5D6A1600851CE5 /* Main.storyboard */,
				8A1A75FF1D5D6A1600851CE5 /* LaunchScreen.storyboard */,
			);
			name = Storyboards;
			sourceTree = "<group>";
		};
		8A1A760E1D5D7A7900851CE5 /* Model */ = {
			isa = PBXGroup;
			children = (
				8A1A760F1D5D7A8E00851CE5 /* User.swift */,
				9C89122F1D61194600F9767F /* Place.swift */,
			);
			name = Model;
			sourceTree = "<group>";
		};
/* End PBXGroup section */

/* Begin PBXNativeTarget section */
		8A1A75EF1D5D6A1600851CE5 /* FoodWaste */ = {
			isa = PBXNativeTarget;
			buildConfigurationList = 8A1A76051D5D6A1600851CE5 /* Build configuration list for PBXNativeTarget "FoodWaste" */;
			buildPhases = (
				00C7D9DD544D0AB46D48E0CE /* Check Pods Manifest.lock */,
				8A1A75EC1D5D6A1600851CE5 /* Sources */,
				8A1A75ED1D5D6A1600851CE5 /* Frameworks */,
				8A1A75EE1D5D6A1600851CE5 /* Resources */,
				CABC2E7BA8CF75441B17F384 /* Embed Pods Frameworks */,
				22A32A1DA2C9F0AD1FCC6019 /* Copy Pods Resources */,
			);
			buildRules = (
			);
			dependencies = (
			);
			name = FoodWaste;
			productName = FoodWaste;
			productReference = 8A1A75F01D5D6A1600851CE5 /* FoodWaste.app */;
			productType = "com.apple.product-type.application";
		};
/* End PBXNativeTarget section */

/* Begin PBXProject section */
		8A1A75E81D5D6A1600851CE5 /* Project object */ = {
			isa = PBXProject;
			attributes = {
				LastSwiftUpdateCheck = 0730;
				LastUpgradeCheck = 0730;
				ORGANIZATIONNAME = "Andre Machado Parente";
				TargetAttributes = {
					8A1A75EF1D5D6A1600851CE5 = {
						CreatedOnToolsVersion = 7.3.1;
					};
				};
			};
			buildConfigurationList = 8A1A75EB1D5D6A1600851CE5 /* Build configuration list for PBXProject "FoodWaste" */;
			compatibilityVersion = "Xcode 3.2";
			developmentRegion = English;
			hasScannedForEncodings = 0;
			knownRegions = (
				en,
				Base,
			);
			mainGroup = 8A1A75E71D5D6A1600851CE5;
			productRefGroup = 8A1A75F11D5D6A1600851CE5 /* Products */;
			projectDirPath = "";
			projectRoot = "";
			targets = (
				8A1A75EF1D5D6A1600851CE5 /* FoodWaste */,
			);
		};
/* End PBXProject section */

/* Begin PBXResourcesBuildPhase section */
		8A1A75EE1D5D6A1600851CE5 /* Resources */ = {
			isa = PBXResourcesBuildPhase;
			buildActionMask = 2147483647;
			files = (
				8A1A76011D5D6A1600851CE5 /* LaunchScreen.storyboard in Resources */,
				8AD8F3501D5FFE3A00104D0D /* GoogleService-Info.plist in Resources */,
				8A1A75FE1D5D6A1600851CE5 /* Assets.xcassets in Resources */,
				8A1A75F91D5D6A1600851CE5 /* Main.storyboard in Resources */,
			);
			runOnlyForDeploymentPostprocessing = 0;
		};
/* End PBXResourcesBuildPhase section */

/* Begin PBXShellScriptBuildPhase section */
		00C7D9DD544D0AB46D48E0CE /* Check Pods Manifest.lock */ = {
			isa = PBXShellScriptBuildPhase;
			buildActionMask = 2147483647;
			files = (
			);
			inputPaths = (
			);
			name = "Check Pods Manifest.lock";
			outputPaths = (
			);
			runOnlyForDeploymentPostprocessing = 0;
			shellPath = /bin/sh;
			shellScript = "diff \"${PODS_ROOT}/../Podfile.lock\" \"${PODS_ROOT}/Manifest.lock\" > /dev/null\nif [[ $? != 0 ]] ; then\n    cat << EOM\nerror: The sandbox is not in sync with the Podfile.lock. Run 'pod install' or update your CocoaPods installation.\nEOM\n    exit 1\nfi\n";
			showEnvVarsInLog = 0;
		};
		22A32A1DA2C9F0AD1FCC6019 /* Copy Pods Resources */ = {
			isa = PBXShellScriptBuildPhase;
			buildActionMask = 2147483647;
			files = (
			);
			inputPaths = (
			);
			name = "Copy Pods Resources";
			outputPaths = (
			);
			runOnlyForDeploymentPostprocessing = 0;
			shellPath = /bin/sh;
			shellScript = "\"${SRCROOT}/Pods/Target Support Files/Pods-FoodWaste/Pods-FoodWaste-resources.sh\"\n";
			showEnvVarsInLog = 0;
		};
		CABC2E7BA8CF75441B17F384 /* Embed Pods Frameworks */ = {
			isa = PBXShellScriptBuildPhase;
			buildActionMask = 2147483647;
			files = (
			);
			inputPaths = (
			);
			name = "Embed Pods Frameworks";
			outputPaths = (
			);
			runOnlyForDeploymentPostprocessing = 0;
			shellPath = /bin/sh;
			shellScript = "\"${SRCROOT}/Pods/Target Support Files/Pods-FoodWaste/Pods-FoodWaste-frameworks.sh\"\n";
			showEnvVarsInLog = 0;
		};
/* End PBXShellScriptBuildPhase section */

/* Begin PBXSourcesBuildPhase section */
		8A1A75EC1D5D6A1600851CE5 /* Sources */ = {
			isa = PBXSourcesBuildPhase;
			buildActionMask = 2147483647;
			files = (
				EF4B30C01D5FB8C600565133 /* PontosDeColetaViewController.swift in Sources */,
				9CB0BB6F1D5E069800AAB7E4 /* QRCodeViewController.swift in Sources */,
				8A1A75F61D5D6A1600851CE5 /* LoginViewController.swift in Sources */,
				8A1A75FC1D5D6A1600851CE5 /* FoodWaste.xcdatamodeld in Sources */,
				EF4B30BE1D5FB8B500565133 /* MenuViewController.swift in Sources */,
				8A1A75F41D5D6A1600851CE5 /* AppDelegate.swift in Sources */,
				9C8912301D61194600F9767F /* Place.swift in Sources */,
				8A1A76101D5D7A8E00851CE5 /* User.swift in Sources */,
				8AF6036C1D64D2A1001833C5 /* Database.swift in Sources */,
				8A1A76091D5D71E500851CE5 /* RegisterViewController.swift in Sources */,
			);
			runOnlyForDeploymentPostprocessing = 0;
		};
/* End PBXSourcesBuildPhase section */

/* Begin PBXVariantGroup section */
		8A1A75F71D5D6A1600851CE5 /* Main.storyboard */ = {
			isa = PBXVariantGroup;
			children = (
				8A1A75F81D5D6A1600851CE5 /* Base */,
			);
			name = Main.storyboard;
			sourceTree = "<group>";
		};
		8A1A75FF1D5D6A1600851CE5 /* LaunchScreen.storyboard */ = {
			isa = PBXVariantGroup;
			children = (
				8A1A76001D5D6A1600851CE5 /* Base */,
			);
			name = LaunchScreen.storyboard;
			sourceTree = "<group>";
		};
/* End PBXVariantGroup section */

/* Begin XCBuildConfiguration section */
		8A1A76031D5D6A1600851CE5 /* Debug */ = {
			isa = XCBuildConfiguration;
			buildSettings = {
				ALWAYS_SEARCH_USER_PATHS = NO;
				CLANG_ANALYZER_NONNULL = YES;
				CLANG_CXX_LANGUAGE_STANDARD = "gnu++0x";
				CLANG_CXX_LIBRARY = "libc++";
				CLANG_ENABLE_MODULES = YES;
				CLANG_ENABLE_OBJC_ARC = YES;
				CLANG_WARN_BOOL_CONVERSION = YES;
				CLANG_WARN_CONSTANT_CONVERSION = YES;
				CLANG_WARN_DIRECT_OBJC_ISA_USAGE = YES_ERROR;
				CLANG_WARN_EMPTY_BODY = YES;
				CLANG_WARN_ENUM_CONVERSION = YES;
				CLANG_WARN_INT_CONVERSION = YES;
				CLANG_WARN_OBJC_ROOT_CLASS = YES_ERROR;
				CLANG_WARN_UNREACHABLE_CODE = YES;
				CLANG_WARN__DUPLICATE_METHOD_MATCH = YES;
				"CODE_SIGN_IDENTITY[sdk=iphoneos*]" = "iPhone Developer";
				COPY_PHASE_STRIP = NO;
				DEBUG_INFORMATION_FORMAT = dwarf;
				ENABLE_STRICT_OBJC_MSGSEND = YES;
				ENABLE_TESTABILITY = YES;
				GCC_C_LANGUAGE_STANDARD = gnu99;
				GCC_DYNAMIC_NO_PIC = NO;
				GCC_NO_COMMON_BLOCKS = YES;
				GCC_OPTIMIZATION_LEVEL = 0;
				GCC_PREPROCESSOR_DEFINITIONS = (
					"DEBUG=1",
					"$(inherited)",
				);
				GCC_WARN_64_TO_32_BIT_CONVERSION = YES;
				GCC_WARN_ABOUT_RETURN_TYPE = YES_ERROR;
				GCC_WARN_UNDECLARED_SELECTOR = YES;
				GCC_WARN_UNINITIALIZED_AUTOS = YES_AGGRESSIVE;
				GCC_WARN_UNUSED_FUNCTION = YES;
				GCC_WARN_UNUSED_VARIABLE = YES;
				IPHONEOS_DEPLOYMENT_TARGET = 9.3;
				MTL_ENABLE_DEBUG_INFO = YES;
				ONLY_ACTIVE_ARCH = YES;
				SDKROOT = iphoneos;
				SWIFT_OPTIMIZATION_LEVEL = "-Onone";
			};
			name = Debug;
		};
		8A1A76041D5D6A1600851CE5 /* Release */ = {
			isa = XCBuildConfiguration;
			buildSettings = {
				ALWAYS_SEARCH_USER_PATHS = NO;
				CLANG_ANALYZER_NONNULL = YES;
				CLANG_CXX_LANGUAGE_STANDARD = "gnu++0x";
				CLANG_CXX_LIBRARY = "libc++";
				CLANG_ENABLE_MODULES = YES;
				CLANG_ENABLE_OBJC_ARC = YES;
				CLANG_WARN_BOOL_CONVERSION = YES;
				CLANG_WARN_CONSTANT_CONVERSION = YES;
				CLANG_WARN_DIRECT_OBJC_ISA_USAGE = YES_ERROR;
				CLANG_WARN_EMPTY_BODY = YES;
				CLANG_WARN_ENUM_CONVERSION = YES;
				CLANG_WARN_INT_CONVERSION = YES;
				CLANG_WARN_OBJC_ROOT_CLASS = YES_ERROR;
				CLANG_WARN_UNREACHABLE_CODE = YES;
				CLANG_WARN__DUPLICATE_METHOD_MATCH = YES;
				"CODE_SIGN_IDENTITY[sdk=iphoneos*]" = "iPhone Developer";
				COPY_PHASE_STRIP = NO;
				DEBUG_INFORMATION_FORMAT = "dwarf-with-dsym";
				ENABLE_NS_ASSERTIONS = NO;
				ENABLE_STRICT_OBJC_MSGSEND = YES;
				GCC_C_LANGUAGE_STANDARD = gnu99;
				GCC_NO_COMMON_BLOCKS = YES;
				GCC_WARN_64_TO_32_BIT_CONVERSION = YES;
				GCC_WARN_ABOUT_RETURN_TYPE = YES_ERROR;
				GCC_WARN_UNDECLARED_SELECTOR = YES;
				GCC_WARN_UNINITIALIZED_AUTOS = YES_AGGRESSIVE;
				GCC_WARN_UNUSED_FUNCTION = YES;
				GCC_WARN_UNUSED_VARIABLE = YES;
				IPHONEOS_DEPLOYMENT_TARGET = 9.3;
				MTL_ENABLE_DEBUG_INFO = NO;
				SDKROOT = iphoneos;
				VALIDATE_PRODUCT = YES;
			};
			name = Release;
		};
		8A1A76061D5D6A1600851CE5 /* Debug */ = {
			isa = XCBuildConfiguration;
			baseConfigurationReference = BDCCEB31526FD71FD01489D2 /* Pods-FoodWaste.debug.xcconfig */;
			buildSettings = {
				ASSETCATALOG_COMPILER_APPICON_NAME = AppIcon;
				INFOPLIST_FILE = FoodWaste/Info.plist;
				LD_RUNPATH_SEARCH_PATHS = "$(inherited) @executable_path/Frameworks";
				PRODUCT_BUNDLE_IDENTIFIER = com.andremachadoparente.FoodWaste;
				PRODUCT_NAME = "$(TARGET_NAME)";
			};
			name = Debug;
		};
		8A1A76071D5D6A1600851CE5 /* Release */ = {
			isa = XCBuildConfiguration;
			baseConfigurationReference = B644E971F3C0CCC31A17463C /* Pods-FoodWaste.release.xcconfig */;
			buildSettings = {
				ASSETCATALOG_COMPILER_APPICON_NAME = AppIcon;
				INFOPLIST_FILE = FoodWaste/Info.plist;
				LD_RUNPATH_SEARCH_PATHS = "$(inherited) @executable_path/Frameworks";
				PRODUCT_BUNDLE_IDENTIFIER = com.andremachadoparente.FoodWaste;
				PRODUCT_NAME = "$(TARGET_NAME)";
			};
			name = Release;
		};
/* End XCBuildConfiguration section */

/* Begin XCConfigurationList section */
		8A1A75EB1D5D6A1600851CE5 /* Build configuration list for PBXProject "FoodWaste" */ = {
			isa = XCConfigurationList;
			buildConfigurations = (
				8A1A76031D5D6A1600851CE5 /* Debug */,
				8A1A76041D5D6A1600851CE5 /* Release */,
			);
			defaultConfigurationIsVisible = 0;
			defaultConfigurationName = Release;
		};
		8A1A76051D5D6A1600851CE5 /* Build configuration list for PBXNativeTarget "FoodWaste" */ = {
			isa = XCConfigurationList;
			buildConfigurations = (
				8A1A76061D5D6A1600851CE5 /* Debug */,
				8A1A76071D5D6A1600851CE5 /* Release */,
			);
			defaultConfigurationIsVisible = 0;
			defaultConfigurationName = Release;
		};
/* End XCConfigurationList section */

/* Begin XCVersionGroup section */
		8A1A75FA1D5D6A1600851CE5 /* FoodWaste.xcdatamodeld */ = {
			isa = XCVersionGroup;
			children = (
				8A1A75FB1D5D6A1600851CE5 /* FoodWaste.xcdatamodel */,
			);
			currentVersion = 8A1A75FB1D5D6A1600851CE5 /* FoodWaste.xcdatamodel */;
			path = FoodWaste.xcdatamodeld;
			sourceTree = "<group>";
			versionGroupType = wrapper.xcdatamodel;
		};
/* End XCVersionGroup section */
	};
	rootObject = 8A1A75E81D5D6A1600851CE5 /* Project object */;
}
